// !$*UTF8*$!
{
	archiveVersion = 1;
	classes = {
	};
	objectVersion = 48;
	objects = {

/* Begin PBXBuildFile section */
		F504693720447C36009A36B3 /* AppDetailVC.swift in Sources */ = {isa = PBXBuildFile; fileRef = F504693620447C35009A36B3 /* AppDetailVC.swift */; };
		F524298A203C7B5D00A382CC /* AppDelegate.swift in Sources */ = {isa = PBXBuildFile; fileRef = F5242989203C7B5D00A382CC /* AppDelegate.swift */; };
		F524298C203C7B5D00A382CC /* ViewController.swift in Sources */ = {isa = PBXBuildFile; fileRef = F524298B203C7B5D00A382CC /* ViewController.swift */; };
		F524298F203C7B5D00A382CC /* Main.storyboard in Resources */ = {isa = PBXBuildFile; fileRef = F524298D203C7B5D00A382CC /* Main.storyboard */; };
		F5242992203C7B5D00A382CC /* appstore.xcdatamodeld in Sources */ = {isa = PBXBuildFile; fileRef = F5242990203C7B5D00A382CC /* appstore.xcdatamodeld */; };
		F5242994203C7B5D00A382CC /* Assets.xcassets in Resources */ = {isa = PBXBuildFile; fileRef = F5242993203C7B5D00A382CC /* Assets.xcassets */; };
		F5242997203C7B5D00A382CC /* LaunchScreen.storyboard in Resources */ = {isa = PBXBuildFile; fileRef = F5242995203C7B5D00A382CC /* LaunchScreen.storyboard */; };
		F524299F203C7F6C00A382CC /* CategoryCell.swift in Sources */ = {isa = PBXBuildFile; fileRef = F524299E203C7F6C00A382CC /* CategoryCell.swift */; };
		F52429A1203C9A9500A382CC /* Model.swift in Sources */ = {isa = PBXBuildFile; fileRef = F52429A0203C9A9500A382CC /* Model.swift */; };
		F5F2C13020485A7400BB4CD8 /* ScreenshotCell.swift in Sources */ = {isa = PBXBuildFile; fileRef = F5F2C12F20485A7400BB4CD8 /* ScreenshotCell.swift */; };
/* End PBXBuildFile section */

/* Begin PBXFileReference section */
		F504693620447C35009A36B3 /* AppDetailVC.swift */ = {isa = PBXFileReference; lastKnownFileType = sourcecode.swift; path = AppDetailVC.swift; sourceTree = "<group>"; };
		F5242986203C7B5D00A382CC /* appstore.app */ = {isa = PBXFileReference; explicitFileType = wrapper.application; includeInIndex = 0; path = appstore.app; sourceTree = BUILT_PRODUCTS_DIR; };
		F5242989203C7B5D00A382CC /* AppDelegate.swift */ = {isa = PBXFileReference; lastKnownFileType = sourcecode.swift; path = AppDelegate.swift; sourceTree = "<group>"; };
		F524298B203C7B5D00A382CC /* ViewController.swift */ = {isa = PBXFileReference; lastKnownFileType = sourcecode.swift; path = ViewController.swift; sourceTree = "<group>"; };
		F524298E203C7B5D00A382CC /* Base */ = {isa = PBXFileReference; lastKnownFileType = file.storyboard; name = Base; path = Base.lproj/Main.storyboard; sourceTree = "<group>"; };
		F5242991203C7B5D00A382CC /* appstore.xcdatamodel */ = {isa = PBXFileReference; lastKnownFileType = wrapper.xcdatamodel; path = appstore.xcdatamodel; sourceTree = "<group>"; };
		F5242993203C7B5D00A382CC /* Assets.xcassets */ = {isa = PBXFileReference; lastKnownFileType = folder.assetcatalog; path = Assets.xcassets; sourceTree = "<group>"; };
		F5242996203C7B5D00A382CC /* Base */ = {isa = PBXFileReference; lastKnownFileType = file.storyboard; name = Base; path = Base.lproj/LaunchScreen.storyboard; sourceTree = "<group>"; };
		F5242998203C7B5D00A382CC /* Info.plist */ = {isa = PBXFileReference; lastKnownFileType = text.plist.xml; path = Info.plist; sourceTree = "<group>"; };
		F524299E203C7F6C00A382CC /* CategoryCell.swift */ = {isa = PBXFileReference; lastKnownFileType = sourcecode.swift; path = CategoryCell.swift; sourceTree = "<group>"; };
		F52429A0203C9A9500A382CC /* Model.swift */ = {isa = PBXFileReference; lastKnownFileType = sourcecode.swift; path = Model.swift; sourceTree = "<group>"; };
		F5F2C12F20485A7400BB4CD8 /* ScreenshotCell.swift */ = {isa = PBXFileReference; lastKnownFileType = sourcecode.swift; path = ScreenshotCell.swift; sourceTree = "<group>"; };
/* End PBXFileReference section */

/* Begin PBXFrameworksBuildPhase section */
		F5242983203C7B5D00A382CC /* Frameworks */ = {
			isa = PBXFrameworksBuildPhase;
			buildActionMask = 2147483647;
			files = (
			);
			runOnlyForDeploymentPostprocessing = 0;
		};
/* End PBXFrameworksBuildPhase section */

/* Begin PBXGroup section */
		F524297D203C7B5D00A382CC = {
			isa = PBXGroup;
			children = (
				F5242988203C7B5D00A382CC /* appstore */,
				F5242987203C7B5D00A382CC /* Products */,
			);
			sourceTree = "<group>";
		};
		F5242987203C7B5D00A382CC /* Products */ = {
			isa = PBXGroup;
			children = (
				F5242986203C7B5D00A382CC /* appstore.app */,
			);
			name = Products;
			sourceTree = "<group>";
		};
		F5242988203C7B5D00A382CC /* appstore */ = {
			isa = PBXGroup;
			children = (
				F5242989203C7B5D00A382CC /* AppDelegate.swift */,
				F524298B203C7B5D00A382CC /* ViewController.swift */,
				F524298D203C7B5D00A382CC /* Main.storyboard */,
				F5242993203C7B5D00A382CC /* Assets.xcassets */,
				F5242995203C7B5D00A382CC /* LaunchScreen.storyboard */,
				F5242998203C7B5D00A382CC /* Info.plist */,
				F5242990203C7B5D00A382CC /* appstore.xcdatamodeld */,
				F524299E203C7F6C00A382CC /* CategoryCell.swift */,
				F52429A0203C9A9500A382CC /* Model.swift */,
				F504693620447C35009A36B3 /* AppDetailVC.swift */,
				F5F2C12F20485A7400BB4CD8 /* ScreenshotCell.swift */,
			);
			path = appstore;
			sourceTree = "<group>";
		};
/* End PBXGroup section */

/* Begin PBXNativeTarget section */
		F5242985203C7B5D00A382CC /* appstore */ = {
			isa = PBXNativeTarget;
			buildConfigurationList = F524299B203C7B5D00A382CC /* Build configuration list for PBXNativeTarget "appstore" */;
			buildPhases = (
				F5242982203C7B5D00A382CC /* Sources */,
				F5242983203C7B5D00A382CC /* Frameworks */,
				F5242984203C7B5D00A382CC /* Resources */,
			);
			buildRules = (
			);
			dependencies = (
			);
			name = appstore;
			productName = appstore;
			productReference = F5242986203C7B5D00A382CC /* appstore.app */;
			productType = "com.apple.product-type.application";
		};
/* End PBXNativeTarget section */

/* Begin PBXProject section */
		F524297E203C7B5D00A382CC /* Project object */ = {
			isa = PBXProject;
			attributes = {
				LastSwiftUpdateCheck = 0920;
				LastUpgradeCheck = 0920;
				ORGANIZATIONNAME = NeonatCore;
				TargetAttributes = {
					F5242985203C7B5D00A382CC = {
						CreatedOnToolsVersion = 9.2;
						ProvisioningStyle = Automatic;
					};
				};
			};
			buildConfigurationList = F5242981203C7B5D00A382CC /* Build configuration list for PBXProject "appstore" */;
			compatibilityVersion = "Xcode 8.0";
			developmentRegion = en;
			hasScannedForEncodings = 0;
			knownRegions = (
				en,
				Base,
			);
			mainGroup = F524297D203C7B5D00A382CC;
			productRefGroup = F5242987203C7B5D00A382CC /* Products */;
			projectDirPath = "";
			projectRoot = "";
			targets = (
				F5242985203C7B5D00A382CC /* appstore */,
			);
		};
/* End PBXProject section */

/* Begin PBXResourcesBuildPhase section */
		F5242984203C7B5D00A382CC /* Resources */ = {
			isa = PBXResourcesBuildPhase;
			buildActionMask = 2147483647;
			files = (
				F5242997203C7B5D00A382CC /* LaunchScreen.storyboard in Resources */,
				F5242994203C7B5D00A382CC /* Assets.xcassets in Resources */,
				F524298F203C7B5D00A382CC /* Main.storyboard in Resources */,
			);
			runOnlyForDeploymentPostprocessing = 0;
		};
/* End PBXResourcesBuildPhase section */

/* Begin PBXSourcesBuildPhase section */
		F5242982203C7B5D00A382CC /* Sources */ = {
			isa = PBXSourcesBuildPhase;
			buildActionMask = 2147483647;
			files = (
				F52429A1203C9A9500A382CC /* Model.swift in Sources */,
				F524298C203C7B5D00A382CC /* ViewController.swift in Sources */,
				F524298A203C7B5D00A382CC /* AppDelegate.swift in Sources */,
				F5242992203C7B5D00A382CC /* appstore.xcdatamodeld in Sources */,
				F524299F203C7F6C00A382CC /* CategoryCell.swift in Sources */,
				F504693720447C36009A36B3 /* AppDetailVC.swift in Sources */,
				F5F2C13020485A7400BB4CD8 /* ScreenshotCell.swift in Sources */,
			);
			runOnlyForDeploymentPostprocessing = 0;
		};
/* End PBXSourcesBuildPhase section */

/* Begin PBXVariantGroup section */
		F524298D203C7B5D00A382CC /* Main.storyboard */ = {
			isa = PBXVariantGroup;
			children = (
				F524298E203C7B5D00A382CC /* Base */,
			);
			name = Main.storyboard;
			sourceTree = "<group>";
		};
		F5242995203C7B5D00A382CC /* LaunchScreen.storyboard */ = {
			isa = PBXVariantGroup;
			children = (
				F5242996203C7B5D00A382CC /* Base */,
			);
			name = LaunchScreen.storyboard;
			sourceTree = "<group>";
		};
/* End PBXVariantGroup section */

/* Begin XCBuildConfiguration section */
		F5242999203C7B5D00A382CC /* Debug */ = {
			isa = XCBuildConfiguration;
			buildSettings = {
				ALWAYS_SEARCH_USER_PATHS = NO;
				CLANG_ANALYZER_NONNULL = YES;
				CLANG_ANALYZER_NUMBER_OBJECT_CONVERSION = YES_AGGRESSIVE;
				CLANG_CXX_LANGUAGE_STANDARD = "gnu++14";
				CLANG_CXX_LIBRARY = "libc++";
				CLANG_ENABLE_MODULES = YES;
				CLANG_ENABLE_OBJC_ARC = YES;
				CLANG_WARN_BLOCK_CAPTURE_AUTORELEASING = YES;
				CLANG_WARN_BOOL_CONVERSION = YES;
				CLANG_WARN_COMMA = YES;
				CLANG_WARN_CONSTANT_CONVERSION = YES;
				CLANG_WARN_DIRECT_OBJC_ISA_USAGE = YES_ERROR;
				CLANG_WARN_DOCUMENTATION_COMMENTS = YES;
				CLANG_WARN_EMPTY_BODY = YES;
				CLANG_WARN_ENUM_CONVERSION = YES;
				CLANG_WARN_INFINITE_RECURSION = YES;
				CLANG_WARN_INT_CONVERSION = YES;
				CLANG_WARN_NON_LITERAL_NULL_CONVERSION = YES;
				CLANG_WARN_OBJC_LITERAL_CONVERSION = YES;
				CLANG_WARN_OBJC_ROOT_CLASS = YES_ERROR;
				CLANG_WARN_RANGE_LOOP_ANALYSIS = YES;
				CLANG_WARN_STRICT_PROTOTYPES = YES;
				CLANG_WARN_SUSPICIOUS_MOVE = YES;
				CLANG_WARN_UNGUARDED_AVAILABILITY = YES_AGGRESSIVE;
				CLANG_WARN_UNREACHABLE_CODE = YES;
				CLANG_WARN__DUPLICATE_METHOD_MATCH = YES;
				CODE_SIGN_IDENTITY = "iPhone Developer";
				COPY_PHASE_STRIP = NO;
				DEBUG_INFORMATION_FORMAT = dwarf;
				ENABLE_STRICT_OBJC_MSGSEND = YES;
				ENABLE_TESTABILITY = YES;
				GCC_C_LANGUAGE_STANDARD = gnu11;
				GCC_DYNAMIC_NO_PIC = NO;
				GCC_NO_COMMON_BLOCKS = YES;
				GCC_OPTIMIZATION_LEVEL = 0;
				GCC_PREPROCESSOR_DEFINITIONS = (
					"DEBUG=1",
					"$(inherited)",
				);
				GCC_WARN_64_TO_32_BIT_CONVERSION = YES;
				GCC_WARN_ABOUT_RETURN_TYPE = YES_ERROR;
				GCC_WARN_UNDECLARED_SELECTOR = YES;
				GCC_WARN_UNINITIALIZED_AUTOS = YES_AGGRESSIVE;
				GCC_WARN_UNUSED_FUNCTION = YES;
				GCC_WARN_UNUSED_VARIABLE = YES;
				IPHONEOS_DEPLOYMENT_TARGET = 11.2;
				MTL_ENABLE_DEBUG_INFO = YES;
				ONLY_ACTIVE_ARCH = YES;
				SDKROOT = iphoneos;
				SWIFT_ACTIVE_COMPILATION_CONDITIONS = DEBUG;
				SWIFT_OPTIMIZATION_LEVEL = "-Onone";
			};
			name = Debug;
		};
		F524299A203C7B5D00A382CC /* Release */ = {
			isa = XCBuildConfiguration;
			buildSettings = {
				ALWAYS_SEARCH_USER_PATHS = NO;
				CLANG_ANALYZER_NONNULL = YES;
				CLANG_ANALYZER_NUMBER_OBJECT_CONVERSION = YES_AGGRESSIVE;
				CLANG_CXX_LANGUAGE_STANDARD = "gnu++14";
				CLANG_CXX_LIBRARY = "libc++";
				CLANG_ENABLE_MODULES = YES;
				CLANG_ENABLE_OBJC_ARC = YES;
				CLANG_WARN_BLOCK_CAPTURE_AUTORELEASING = YES;
				CLANG_WARN_BOOL_CONVERSION = YES;
				CLANG_WARN_COMMA = YES;
				CLANG_WARN_CONSTANT_CONVERSION = YES;
				CLANG_WARN_DIRECT_OBJC_ISA_USAGE = YES_ERROR;
				CLANG_WARN_DOCUMENTATION_COMMENTS = YES;
				CLANG_WARN_EMPTY_BODY = YES;
				CLANG_WARN_ENUM_CONVERSION = YES;
				CLANG_WARN_INFINITE_RECURSION = YES;
				CLANG_WARN_INT_CONVERSION = YES;
				CLANG_WARN_NON_LITERAL_NULL_CONVERSION = YES;
				CLANG_WARN_OBJC_LITERAL_CONVERSION = YES;
				CLANG_WARN_OBJC_ROOT_CLASS = YES_ERROR;
				CLANG_WARN_RANGE_LOOP_ANALYSIS = YES;
				CLANG_WARN_STRICT_PROTOTYPES = YES;
				CLANG_WARN_SUSPICIOUS_MOVE = YES;
				CLANG_WARN_UNGUARDED_AVAILABILITY = YES_AGGRESSIVE;
				CLANG_WARN_UNREACHABLE_CODE = YES;
				CLANG_WARN__DUPLICATE_METHOD_MATCH = YES;
				CODE_SIGN_IDENTITY = "iPhone Developer";
				COPY_PHASE_STRIP = NO;
				DEBUG_INFORMATION_FORMAT = "dwarf-with-dsym";
				ENABLE_NS_ASSERTIONS = NO;
				ENABLE_STRICT_OBJC_MSGSEND = YES;
				GCC_C_LANGUAGE_STANDARD = gnu11;
				GCC_NO_COMMON_BLOCKS = YES;
				GCC_WARN_64_TO_32_BIT_CONVERSION = YES;
				GCC_WARN_ABOUT_RETURN_TYPE = YES_ERROR;
				GCC_WARN_UNDECLARED_SELECTOR = YES;
				GCC_WARN_UNINITIALIZED_AUTOS = YES_AGGRESSIVE;
				GCC_WARN_UNUSED_FUNCTION = YES;
				GCC_WARN_UNUSED_VARIABLE = YES;
				IPHONEOS_DEPLOYMENT_TARGET = 11.2;
				MTL_ENABLE_DEBUG_INFO = NO;
				SDKROOT = iphoneos;
				SWIFT_OPTIMIZATION_LEVEL = "-Owholemodule";
				VALIDATE_PRODUCT = YES;
			};
			name = Release;
		};
		F524299C203C7B5D00A382CC /* Debug */ = {
			isa = XCBuildConfiguration;
			buildSettings = {
				ASSETCATALOG_COMPILER_APPICON_NAME = AppIcon;
				CODE_SIGN_STYLE = Automatic;
				DEVELOPMENT_TEAM = Y2M3TGJYMN;
				INFOPLIST_FILE = appstore/Info.plist;
				LD_RUNPATH_SEARCH_PATHS = "$(inherited) @executable_path/Frameworks";
				PRODUCT_BUNDLE_IDENTIFIER = com.neonatcore.appstore;
				PRODUCT_NAME = "$(TARGET_NAME)";
				SWIFT_VERSION = 4.0;
				TARGETED_DEVICE_FAMILY = "1,2";
			};
			name = Debug;
		};
		F524299D203C7B5D00A382CC /* Release */ = {
			isa = XCBuildConfiguration;
			buildSettings = {
				ASSETCATALOG_COMPILER_APPICON_NAME = AppIcon;
				CODE_SIGN_STYLE = Automatic;
				DEVELOPMENT_TEAM = Y2M3TGJYMN;
				INFOPLIST_FILE = appstore/Info.plist;
				LD_RUNPATH_SEARCH_PATHS = "$(inherited) @executable_path/Frameworks";
				PRODUCT_BUNDLE_IDENTIFIER = com.neonatcore.appstore;
				PRODUCT_NAME = "$(TARGET_NAME)";
				SWIFT_VERSION = 4.0;
				TARGETED_DEVICE_FAMILY = "1,2";
			};
			name = Release;
		};
/* End XCBuildConfiguration section */

/* Begin XCConfigurationList section */
		F5242981203C7B5D00A382CC /* Build configuration list for PBXProject "appstore" */ = {
			isa = XCConfigurationList;
			buildConfigurations = (
				F5242999203C7B5D00A382CC /* Debug */,
				F524299A203C7B5D00A382CC /* Release */,
			);
			defaultConfigurationIsVisible = 0;
			defaultConfigurationName = Release;
		};
		F524299B203C7B5D00A382CC /* Build configuration list for PBXNativeTarget "appstore" */ = {
			isa = XCConfigurationList;
			buildConfigurations = (
				F524299C203C7B5D00A382CC /* Debug */,
				F524299D203C7B5D00A382CC /* Release */,
			);
			defaultConfigurationIsVisible = 0;
			defaultConfigurationName = Release;
		};
/* End XCConfigurationList section */

/* Begin XCVersionGroup section */
		F5242990203C7B5D00A382CC /* appstore.xcdatamodeld */ = {
			isa = XCVersionGroup;
			children = (
				F5242991203C7B5D00A382CC /* appstore.xcdatamodel */,
			);
			currentVersion = F5242991203C7B5D00A382CC /* appstore.xcdatamodel */;
			path = appstore.xcdatamodeld;
			sourceTree = "<group>";
			versionGroupType = wrapper.xcdatamodel;
		};
/* End XCVersionGroup section */
	};
	rootObject = F524297E203C7B5D00A382CC /* Project object */;
}
